// !$*UTF8*$!
{
	archiveVersion = 1;
	classes = {
	};
	objectVersion = 46;
	objects = {

/* Begin PBXBuildFile section */
		571CCFC51A1E7B1E009D79CF /* main.m in Sources */ = {isa = PBXBuildFile; fileRef = 571CCFC41A1E7B1E009D79CF /* main.m */; };
/* End PBXBuildFile section */

/* Begin PBXCopyFilesBuildPhase section */
		571CCFBF1A1E7B1E009D79CF /* CopyFiles */ = {
			isa = PBXCopyFilesBuildPhase;
			buildActionMask = 2147483647;
			dstPath = /usr/share/man/man1/;
			dstSubfolderSpec = 0;
			files = (
			);
			runOnlyForDeploymentPostprocessing = 1;
		};
/* End PBXCopyFilesBuildPhase section */

/* Begin PBXFileReference section */
		571CCFC11A1E7B1E009D79CF /* osxalert */ = {isa = PBXFileReference; explicitFileType = "compiled.mach-o.executable"; includeInIndex = 0; path = osxalert; sourceTree = BUILT_PRODUCTS_DIR; };
		571CCFC41A1E7B1E009D79CF /* main.m */ = {isa = PBXFileReference; lastKnownFileType = sourcecode.c.objc; path = main.m; sourceTree = "<group>"; };
/* End PBXFileReference section */

/* Begin PBXFrameworksBuildPhase section */
		571CCFBE1A1E7B1E009D79CF /* Frameworks */ = {
			isa = PBXFrameworksBuildPhase;
			buildActionMask = 2147483647;
			files = (
			);
			runOnlyForDeploymentPostprocessing = 0;
		};
/* End PBXFrameworksBuildPhase section */

/* Begin PBXGroup section */
		571CCFB81A1E7B1E009D79CF = {
			isa = PBXGroup;
			children = (
				571CCFC31A1E7B1E009D79CF /* osxalert */,
				571CCFC21A1E7B1E009D79CF /* Products */,
			);
			sourceTree = "<group>";
		};
		571CCFC21A1E7B1E009D79CF /* Products */ = {
			isa = PBXGroup;
			children = (
				571CCFC11A1E7B1E009D79CF /* osxalert */,
			);
			name = Products;
			sourceTree = "<group>";
		};
		571CCFC31A1E7B1E009D79CF /* osxalert */ = {
			isa = PBXGroup;
			children = (
				571CCFC41A1E7B1E009D79CF /* main.m */,
			);
			path = osxalert;
			sourceTree = "<group>";
		};
/* End PBXGroup section */

/* Begin PBXNativeTarget section */
		571CCFC01A1E7B1E009D79CF /* osxalert */ = {
			isa = PBXNativeTarget;
			buildConfigurationList = 571CCFC81A1E7B1E009D79CF /* Build configuration list for PBXNativeTarget "osxalert" */;
			buildPhases = (
				571CCFBD1A1E7B1E009D79CF /* Sources */,
				571CCFBE1A1E7B1E009D79CF /* Frameworks */,
				571CCFBF1A1E7B1E009D79CF /* CopyFiles */,
			);
			buildRules = (
			);
			dependencies = (
			);
			name = osxalert;
			productName = osxalert;
			productReference = 571CCFC11A1E7B1E009D79CF /* osxalert */;
			productType = "com.apple.product-type.tool";
		};
/* End PBXNativeTarget section */

/* Begin PBXProject section */
		571CCFB91A1E7B1E009D79CF /* Project object */ = {
			isa = PBXProject;
			attributes = {
				LastUpgradeCheck = 0610;
				ORGANIZATIONNAME = Greggman;
				TargetAttributes = {
					571CCFC01A1E7B1E009D79CF = {
						CreatedOnToolsVersion = 6.1;
					};
				};
			};
			buildConfigurationList = 571CCFBC1A1E7B1E009D79CF /* Build configuration list for PBXProject "osxalert" */;
			compatibilityVersion = "Xcode 3.2";
			developmentRegion = English;
			hasScannedForEncodings = 0;
			knownRegions = (
				en,
			);
			mainGroup = 571CCFB81A1E7B1E009D79CF;
			productRefGroup = 571CCFC21A1E7B1E009D79CF /* Products */;
			projectDirPath = "";
			projectRoot = "";
			targets = (
				571CCFC01A1E7B1E009D79CF /* osxalert */,
			);
		};
/* End PBXProject section */

/* Begin PBXSourcesBuildPhase section */
		571CCFBD1A1E7B1E009D79CF /* Sources */ = {
			isa = PBXSourcesBuildPhase;
			buildActionMask = 2147483647;
			files = (
				571CCFC51A1E7B1E009D79CF /* main.m in Sources */,
			);
			runOnlyForDeploymentPostprocessing = 0;
		};
/* End PBXSourcesBuildPhase section */

/* Begin XCBuildConfiguration section */
		571CCFC61A1E7B1E009D79CF /* Debug */ = {
			isa = XCBuildConfiguration;
			buildSettings = {
				ALWAYS_SEARCH_USER_PATHS = NO;
				CLANG_CXX_LANGUAGE_STANDARD = "gnu++0x";
				CLANG_CXX_LIBRARY = "libc++";
				CLANG_ENABLE_MODULES = YES;
				CLANG_ENABLE_OBJC_ARC = YES;
				CLANG_WARN_BOOL_CONVERSION = YES;
				CLANG_WARN_CONSTANT_CONVERSION = YES;
				CLANG_WARN_DIRECT_OBJC_ISA_USAGE = YES_ERROR;
				CLANG_WARN_EMPTY_BODY = YES;
				CLANG_WARN_ENUM_CONVERSION = YES;
				CLANG_WARN_INT_CONVERSION = YES;
				CLANG_WARN_OBJC_ROOT_CLASS = YES_ERROR;
				CLANG_WARN_UNREACHABLE_CODE = YES;
				CLANG_WARN__DUPLICATE_METHOD_MATCH = YES;
				COPY_PHASE_STRIP = NO;
				ENABLE_STRICT_OBJC_MSGSEND = YES;
				GCC_C_LANGUAGE_STANDARD = gnu99;
				GCC_DYNAMIC_NO_PIC = NO;
				GCC_OPTIMIZATION_LEVEL = 0;
				GCC_PREPROCESSOR_DEFINITIONS = (
					"DEBUG=1",
					"$(inherited)",
				);
				GCC_SYMBOLS_PRIVATE_EXTERN = NO;
				GCC_WARN_64_TO_32_BIT_CONVERSION = YES;
				GCC_WARN_ABOUT_RETURN_TYPE = YES_ERROR;
				GCC_WARN_UNDECLARED_SELECTOR = YES;
				GCC_WARN_UNINITIALIZED_AUTOS = YES_AGGRESSIVE;
				GCC_WARN_UNUSED_FUNCTION = YES;
				GCC_WARN_UNUSED_VARIABLE = YES;
				MACOSX_DEPLOYMENT_TARGET = 10.10;
				MTL_ENABLE_DEBUG_INFO = YES;
				ONLY_ACTIVE_ARCH = YES;
				SDKROOT = macosx;
			};
			name = Debug;
		};
		571CCFC71A1E7B1E009D79CF /* Release */ = {
			isa = XCBuildConfiguration;
			buildSettings = {
				ALWAYS_SEARCH_USER_PATHS = NO;
				CLANG_CXX_LANGUAGE_STANDARD = "gnu++0x";
				CLANG_CXX_LIBRARY = "libc++";
				CLANG_ENABLE_MODULES = YES;
				CLANG_ENABLE_OBJC_ARC = YES;
				CLANG_WARN_BOOL_CONVERSION = YES;
				CLANG_WARN_CONSTANT_CONVERSION = YES;
				CLANG_WARN_DIRECT_OBJC_ISA_USAGE = YES_ERROR;
				CLANG_WARN_EMPTY_BODY = YES;
				CLANG_WARN_ENUM_CONVERSION = YES;
				CLANG_WARN_INT_CONVERSION = YES;
				CLANG_WARN_OBJC_ROOT_CLASS = YES_ERROR;
				CLANG_WARN_UNREACHABLE_CODE = YES;
				CLANG_WARN__DUPLICATE_METHOD_MATCH = YES;
				COPY_PHASE_STRIP = YES;
				DEBUG_INFORMATION_FORMAT = "dwarf-with-dsym";
				ENABLE_NS_ASSERTIONS = NO;
				ENABLE_STRICT_OBJC_MSGSEND = YES;
				GCC_C_LANGUAGE_STANDARD = gnu99;
				GCC_WARN_64_TO_32_BIT_CONVERSION = YES;
				GCC_WARN_ABOUT_RETURN_TYPE = YES_ERROR;
				GCC_WARN_UNDECLARED_SELECTOR = YES;
				GCC_WARN_UNINITIALIZED_AUTOS = YES_AGGRESSIVE;
				GCC_WARN_UNUSED_FUNCTION = YES;
				GCC_WARN_UNUSED_VARIABLE = YES;
				MACOSX_DEPLOYMENT_TARGET = 10.10;
				MTL_ENABLE_DEBUG_INFO = NO;
				SDKROOT = macosx;
			};
			name = Release;
		};
		571CCFC91A1E7B1E009D79CF /* Debug */ = {
			isa = XCBuildConfiguration;
			buildSettings = {
				MACOSX_DEPLOYMENT_TARGET = 10.6;
				PRODUCT_NAME = "$(TARGET_NAME)";
			};
			name = Debug;
		};
		571CCFCA1A1E7B1E009D79CF /* Release */ = {
			isa = XCBuildConfiguration;
			buildSettings = {
				MACOSX_DEPLOYMENT_TARGET = 10.6;
				PRODUCT_NAME = "$(TARGET_NAME)";
			};
			name = Release;
		};
/* End XCBuildConfiguration section */

/* Begin XCConfigurationList section */
		571CCFBC1A1E7B1E009D79CF /* Build configuration list for PBXProject "osxalert" */ = {
			isa = XCConfigurationList;
			buildConfigurations = (
				571CCFC61A1E7B1E009D79CF /* Debug */,
				571CCFC71A1E7B1E009D79CF /* Release */,
			);
			defaultConfigurationIsVisible = 0;
			defaultConfigurationName = Release;
		};
		571CCFC81A1E7B1E009D79CF /* Build configuration list for PBXNativeTarget "osxalert" */ = {
			isa = XCConfigurationList;
			buildConfigurations = (
				571CCFC91A1E7B1E009D79CF /* Debug */,
				571CCFCA1A1E7B1E009D79CF /* Release */,
			);
			defaultConfigurationIsVisible = 0;
			defaultConfigurationName = Release;
		};
/* End XCConfigurationList section */
	};
	rootObject = 571CCFB91A1E7B1E009D79CF /* Project object */;
}
